// !$*UTF8*$!
{
	archiveVersion = 1;
	classes = {
	};
	objectVersion = 56;
	objects = {

/* Begin PBXBuildFile section */
		B493A2B92AF903C8001F9FB5 /* AppDelegate.swift in Sources */ = {isa = PBXBuildFile; fileRef = B493A2B82AF903C8001F9FB5 /* AppDelegate.swift */; };
		B493A2BB2AF903C8001F9FB5 /* SceneDelegate.swift in Sources */ = {isa = PBXBuildFile; fileRef = B493A2BA2AF903C8001F9FB5 /* SceneDelegate.swift */; };
		B493A2BD2AF903C8001F9FB5 /* ProductViewController.swift in Sources */ = {isa = PBXBuildFile; fileRef = B493A2BC2AF903C8001F9FB5 /* ProductViewController.swift */; };
		B493A2C22AF903C9001F9FB5 /* Assets.xcassets in Resources */ = {isa = PBXBuildFile; fileRef = B493A2C12AF903C9001F9FB5 /* Assets.xcassets */; };
		B493A2C52AF903C9001F9FB5 /* LaunchScreen.storyboard in Resources */ = {isa = PBXBuildFile; fileRef = B493A2C32AF903C9001F9FB5 /* LaunchScreen.storyboard */; };
		B493A2D22AF909FA001F9FB5 /* Product.swift in Sources */ = {isa = PBXBuildFile; fileRef = B493A2D12AF909FA001F9FB5 /* Product.swift */; };
		B493A2D72AF90B29001F9FB5 /* ProductAPI.swift in Sources */ = {isa = PBXBuildFile; fileRef = B493A2D62AF90B29001F9FB5 /* ProductAPI.swift */; };
		B493A2DC2AF91266001F9FB5 /* SnapKit in Frameworks */ = {isa = PBXBuildFile; productRef = B493A2DB2AF91266001F9FB5 /* SnapKit */; };
		B493A2DF2AF91276001F9FB5 /* Kingfisher in Frameworks */ = {isa = PBXBuildFile; productRef = B493A2DE2AF91276001F9FB5 /* Kingfisher */; };
		B493A2E32AF912DC001F9FB5 /* SelfConfiguringCell.swift in Sources */ = {isa = PBXBuildFile; fileRef = B493A2E22AF912DC001F9FB5 /* SelfConfiguringCell.swift */; };
		B493A2E72AF91358001F9FB5 /* ProductCell.swift in Sources */ = {isa = PBXBuildFile; fileRef = B493A2E62AF91358001F9FB5 /* ProductCell.swift */; };
		B493A2E92AF9145E001F9FB5 /* Rating.swift in Sources */ = {isa = PBXBuildFile; fileRef = B493A2E82AF9145E001F9FB5 /* Rating.swift */; };
		B493A2F02AF92BFB001F9FB5 /* SwiftMessages in Frameworks */ = {isa = PBXBuildFile; productRef = B493A2EF2AF92BFB001F9FB5 /* SwiftMessages */; };
		B493A2F22AF92C9E001F9FB5 /* SwiftMessages.swift in Sources */ = {isa = PBXBuildFile; fileRef = B493A2F12AF92C9E001F9FB5 /* SwiftMessages.swift */; };
/* End PBXBuildFile section */

/* Begin PBXFileReference section */
		B493A2B52AF903C8001F9FB5 /* FakeStore.app */ = {isa = PBXFileReference; explicitFileType = wrapper.application; includeInIndex = 0; path = FakeStore.app; sourceTree = BUILT_PRODUCTS_DIR; };
		B493A2B82AF903C8001F9FB5 /* AppDelegate.swift */ = {isa = PBXFileReference; lastKnownFileType = sourcecode.swift; path = AppDelegate.swift; sourceTree = "<group>"; };
		B493A2BA2AF903C8001F9FB5 /* SceneDelegate.swift */ = {isa = PBXFileReference; lastKnownFileType = sourcecode.swift; path = SceneDelegate.swift; sourceTree = "<group>"; };
		B493A2BC2AF903C8001F9FB5 /* ProductViewController.swift */ = {isa = PBXFileReference; lastKnownFileType = sourcecode.swift; path = ProductViewController.swift; sourceTree = "<group>"; };
		B493A2C12AF903C9001F9FB5 /* Assets.xcassets */ = {isa = PBXFileReference; lastKnownFileType = folder.assetcatalog; path = Assets.xcassets; sourceTree = "<group>"; };
		B493A2C42AF903C9001F9FB5 /* Base */ = {isa = PBXFileReference; lastKnownFileType = file.storyboard; name = Base; path = Base.lproj/LaunchScreen.storyboard; sourceTree = "<group>"; };
		B493A2C62AF903C9001F9FB5 /* Info.plist */ = {isa = PBXFileReference; lastKnownFileType = text.plist.xml; path = Info.plist; sourceTree = "<group>"; };
		B493A2D12AF909FA001F9FB5 /* Product.swift */ = {isa = PBXFileReference; lastKnownFileType = sourcecode.swift; path = Product.swift; sourceTree = "<group>"; };
		B493A2D62AF90B29001F9FB5 /* ProductAPI.swift */ = {isa = PBXFileReference; lastKnownFileType = sourcecode.swift; path = ProductAPI.swift; sourceTree = "<group>"; };
		B493A2E22AF912DC001F9FB5 /* SelfConfiguringCell.swift */ = {isa = PBXFileReference; lastKnownFileType = sourcecode.swift; path = SelfConfiguringCell.swift; sourceTree = "<group>"; };
		B493A2E62AF91358001F9FB5 /* ProductCell.swift */ = {isa = PBXFileReference; lastKnownFileType = sourcecode.swift; path = ProductCell.swift; sourceTree = "<group>"; };
		B493A2E82AF9145E001F9FB5 /* Rating.swift */ = {isa = PBXFileReference; lastKnownFileType = sourcecode.swift; path = Rating.swift; sourceTree = "<group>"; };
		B493A2F12AF92C9E001F9FB5 /* SwiftMessages.swift */ = {isa = PBXFileReference; lastKnownFileType = sourcecode.swift; path = SwiftMessages.swift; sourceTree = "<group>"; };
/* End PBXFileReference section */

/* Begin PBXFrameworksBuildPhase section */
		B493A2B22AF903C8001F9FB5 /* Frameworks */ = {
			isa = PBXFrameworksBuildPhase;
			buildActionMask = 2147483647;
			files = (
				B493A2DF2AF91276001F9FB5 /* Kingfisher in Frameworks */,
				B493A2F02AF92BFB001F9FB5 /* SwiftMessages in Frameworks */,
				B493A2DC2AF91266001F9FB5 /* SnapKit in Frameworks */,
			);
			runOnlyForDeploymentPostprocessing = 0;
		};
/* End PBXFrameworksBuildPhase section */

/* Begin PBXGroup section */
		B493A2AC2AF903C8001F9FB5 = {
			isa = PBXGroup;
			children = (
				B493A2B72AF903C8001F9FB5 /* FakeStore */,
				B493A2B62AF903C8001F9FB5 /* Products */,
			);
			sourceTree = "<group>";
		};
		B493A2B62AF903C8001F9FB5 /* Products */ = {
			isa = PBXGroup;
			children = (
				B493A2B52AF903C8001F9FB5 /* FakeStore.app */,
			);
			name = Products;
			sourceTree = "<group>";
		};
		B493A2B72AF903C8001F9FB5 /* FakeStore */ = {
			isa = PBXGroup;
			children = (
				B493A2E12AF912C9001F9FB5 /* Services */,
				B493A2D02AF90521001F9FB5 /* Utilities */,
				B493A2CF2AF90518001F9FB5 /* Data */,
				B493A2CE2AF90442001F9FB5 /* Resources */,
				B493A2CD2AF9042A001F9FB5 /* System */,
				B493A2E42AF912F4001F9FB5 /* Components */,
				B493A2CC2AF90421001F9FB5 /* Controllers */,
				B493A2C32AF903C9001F9FB5 /* LaunchScreen.storyboard */,
				B493A2C62AF903C9001F9FB5 /* Info.plist */,
			);
			path = FakeStore;
			sourceTree = "<group>";
		};
		B493A2CC2AF90421001F9FB5 /* Controllers */ = {
			isa = PBXGroup;
			children = (
				B493A2BC2AF903C8001F9FB5 /* ProductViewController.swift */,
			);
			path = Controllers;
			sourceTree = "<group>";
		};
		B493A2CD2AF9042A001F9FB5 /* System */ = {
			isa = PBXGroup;
			children = (
				B493A2B82AF903C8001F9FB5 /* AppDelegate.swift */,
				B493A2BA2AF903C8001F9FB5 /* SceneDelegate.swift */,
			);
			path = System;
			sourceTree = "<group>";
		};
		B493A2CE2AF90442001F9FB5 /* Resources */ = {
			isa = PBXGroup;
			children = (
				B493A2C12AF903C9001F9FB5 /* Assets.xcassets */,
			);
			path = Resources;
			sourceTree = "<group>";
		};
		B493A2CF2AF90518001F9FB5 /* Data */ = {
			isa = PBXGroup;
			children = (
				B493A2D12AF909FA001F9FB5 /* Product.swift */,
				B493A2E82AF9145E001F9FB5 /* Rating.swift */,
			);
			path = Data;
			sourceTree = "<group>";
		};
		B493A2D02AF90521001F9FB5 /* Utilities */ = {
			isa = PBXGroup;
			children = (
				B493A2E22AF912DC001F9FB5 /* SelfConfiguringCell.swift */,
				B493A2F12AF92C9E001F9FB5 /* SwiftMessages.swift */,
			);
			path = Utilities;
			sourceTree = "<group>";
		};
		B493A2E12AF912C9001F9FB5 /* Services */ = {
			isa = PBXGroup;
			children = (
				B493A2D62AF90B29001F9FB5 /* ProductAPI.swift */,
			);
			path = Services;
			sourceTree = "<group>";
		};
		B493A2E42AF912F4001F9FB5 /* Components */ = {
			isa = PBXGroup;
			children = (
				B493A2E52AF91347001F9FB5 /* Cells */,
			);
			path = Components;
			sourceTree = "<group>";
		};
		B493A2E52AF91347001F9FB5 /* Cells */ = {
			isa = PBXGroup;
			children = (
				B493A2E62AF91358001F9FB5 /* ProductCell.swift */,
			);
			path = Cells;
			sourceTree = "<group>";
		};
/* End PBXGroup section */

/* Begin PBXNativeTarget section */
		B493A2B42AF903C8001F9FB5 /* FakeStore */ = {
			isa = PBXNativeTarget;
			buildConfigurationList = B493A2C92AF903C9001F9FB5 /* Build configuration list for PBXNativeTarget "FakeStore" */;
			buildPhases = (
				B493A2B12AF903C8001F9FB5 /* Sources */,
				B493A2B22AF903C8001F9FB5 /* Frameworks */,
				B493A2B32AF903C8001F9FB5 /* Resources */,
			);
			buildRules = (
			);
			dependencies = (
			);
			name = FakeStore;
			packageProductDependencies = (
				B493A2DB2AF91266001F9FB5 /* SnapKit */,
				B493A2DE2AF91276001F9FB5 /* Kingfisher */,
				B493A2EF2AF92BFB001F9FB5 /* SwiftMessages */,
			);
			productName = FakeStore;
			productReference = B493A2B52AF903C8001F9FB5 /* FakeStore.app */;
			productType = "com.apple.product-type.application";
		};
/* End PBXNativeTarget section */

/* Begin PBXProject section */
		B493A2AD2AF903C8001F9FB5 /* Project object */ = {
			isa = PBXProject;
			attributes = {
				BuildIndependentTargetsInParallel = 1;
				LastSwiftUpdateCheck = 1500;
				LastUpgradeCheck = 1500;
				TargetAttributes = {
					B493A2B42AF903C8001F9FB5 = {
						CreatedOnToolsVersion = 15.0.1;
					};
				};
			};
			buildConfigurationList = B493A2B02AF903C8001F9FB5 /* Build configuration list for PBXProject "FakeStore" */;
			compatibilityVersion = "Xcode 14.0";
			developmentRegion = en;
			hasScannedForEncodings = 0;
			knownRegions = (
				en,
				Base,
			);
			mainGroup = B493A2AC2AF903C8001F9FB5;
			packageReferences = (
				B493A2DA2AF91266001F9FB5 /* XCRemoteSwiftPackageReference "SnapKit" */,
				B493A2DD2AF91276001F9FB5 /* XCRemoteSwiftPackageReference "Kingfisher" */,
				B493A2EE2AF92BFB001F9FB5 /* XCRemoteSwiftPackageReference "SwiftMessages" */,
			);
			productRefGroup = B493A2B62AF903C8001F9FB5 /* Products */;
			projectDirPath = "";
			projectRoot = "";
			targets = (
				B493A2B42AF903C8001F9FB5 /* FakeStore */,
			);
		};
/* End PBXProject section */

/* Begin PBXResourcesBuildPhase section */
		B493A2B32AF903C8001F9FB5 /* Resources */ = {
			isa = PBXResourcesBuildPhase;
			buildActionMask = 2147483647;
			files = (
				B493A2C52AF903C9001F9FB5 /* LaunchScreen.storyboard in Resources */,
				B493A2C22AF903C9001F9FB5 /* Assets.xcassets in Resources */,
			);
			runOnlyForDeploymentPostprocessing = 0;
		};
/* End PBXResourcesBuildPhase section */

/* Begin PBXSourcesBuildPhase section */
		B493A2B12AF903C8001F9FB5 /* Sources */ = {
			isa = PBXSourcesBuildPhase;
			buildActionMask = 2147483647;
			files = (
				B493A2E32AF912DC001F9FB5 /* SelfConfiguringCell.swift in Sources */,
				B493A2F22AF92C9E001F9FB5 /* SwiftMessages.swift in Sources */,
				B493A2BD2AF903C8001F9FB5 /* ProductViewController.swift in Sources */,
				B493A2D22AF909FA001F9FB5 /* Product.swift in Sources */,
				B493A2D72AF90B29001F9FB5 /* ProductAPI.swift in Sources */,
				B493A2B92AF903C8001F9FB5 /* AppDelegate.swift in Sources */,
				B493A2E72AF91358001F9FB5 /* ProductCell.swift in Sources */,
				B493A2E92AF9145E001F9FB5 /* Rating.swift in Sources */,
				B493A2BB2AF903C8001F9FB5 /* SceneDelegate.swift in Sources */,
			);
			runOnlyForDeploymentPostprocessing = 0;
		};
/* End PBXSourcesBuildPhase section */

/* Begin PBXVariantGroup section */
		B493A2C32AF903C9001F9FB5 /* LaunchScreen.storyboard */ = {
			isa = PBXVariantGroup;
			children = (
				B493A2C42AF903C9001F9FB5 /* Base */,
			);
			name = LaunchScreen.storyboard;
			sourceTree = "<group>";
		};
/* End PBXVariantGroup section */

/* Begin XCBuildConfiguration section */
		B493A2C72AF903C9001F9FB5 /* Debug */ = {
			isa = XCBuildConfiguration;
			buildSettings = {
				ALWAYS_SEARCH_USER_PATHS = NO;
				ASSETCATALOG_COMPILER_GENERATE_SWIFT_ASSET_SYMBOL_EXTENSIONS = YES;
				CLANG_ANALYZER_NONNULL = YES;
				CLANG_ANALYZER_NUMBER_OBJECT_CONVERSION = YES_AGGRESSIVE;
				CLANG_CXX_LANGUAGE_STANDARD = "gnu++20";
				CLANG_ENABLE_MODULES = YES;
				CLANG_ENABLE_OBJC_ARC = YES;
				CLANG_ENABLE_OBJC_WEAK = YES;
				CLANG_WARN_BLOCK_CAPTURE_AUTORELEASING = YES;
				CLANG_WARN_BOOL_CONVERSION = YES;
				CLANG_WARN_COMMA = YES;
				CLANG_WARN_CONSTANT_CONVERSION = YES;
				CLANG_WARN_DEPRECATED_OBJC_IMPLEMENTATIONS = YES;
				CLANG_WARN_DIRECT_OBJC_ISA_USAGE = YES_ERROR;
				CLANG_WARN_DOCUMENTATION_COMMENTS = YES;
				CLANG_WARN_EMPTY_BODY = YES;
				CLANG_WARN_ENUM_CONVERSION = YES;
				CLANG_WARN_INFINITE_RECURSION = YES;
				CLANG_WARN_INT_CONVERSION = YES;
				CLANG_WARN_NON_LITERAL_NULL_CONVERSION = YES;
				CLANG_WARN_OBJC_IMPLICIT_RETAIN_SELF = YES;
				CLANG_WARN_OBJC_LITERAL_CONVERSION = YES;
				CLANG_WARN_OBJC_ROOT_CLASS = YES_ERROR;
				CLANG_WARN_QUOTED_INCLUDE_IN_FRAMEWORK_HEADER = YES;
				CLANG_WARN_RANGE_LOOP_ANALYSIS = YES;
				CLANG_WARN_STRICT_PROTOTYPES = YES;
				CLANG_WARN_SUSPICIOUS_MOVE = YES;
				CLANG_WARN_UNGUARDED_AVAILABILITY = YES_AGGRESSIVE;
				CLANG_WARN_UNREACHABLE_CODE = YES;
				CLANG_WARN__DUPLICATE_METHOD_MATCH = YES;
				COPY_PHASE_STRIP = NO;
				DEBUG_INFORMATION_FORMAT = dwarf;
				ENABLE_STRICT_OBJC_MSGSEND = YES;
				ENABLE_TESTABILITY = YES;
				ENABLE_USER_SCRIPT_SANDBOXING = YES;
				GCC_C_LANGUAGE_STANDARD = gnu17;
				GCC_DYNAMIC_NO_PIC = NO;
				GCC_NO_COMMON_BLOCKS = YES;
				GCC_OPTIMIZATION_LEVEL = 0;
				GCC_PREPROCESSOR_DEFINITIONS = (
					"DEBUG=1",
					"$(inherited)",
				);
				GCC_WARN_64_TO_32_BIT_CONVERSION = YES;
				GCC_WARN_ABOUT_RETURN_TYPE = YES_ERROR;
				GCC_WARN_UNDECLARED_SELECTOR = YES;
				GCC_WARN_UNINITIALIZED_AUTOS = YES_AGGRESSIVE;
				GCC_WARN_UNUSED_FUNCTION = YES;
				GCC_WARN_UNUSED_VARIABLE = YES;
				IPHONEOS_DEPLOYMENT_TARGET = 14.0;
				LOCALIZATION_PREFERS_STRING_CATALOGS = YES;
				MTL_ENABLE_DEBUG_INFO = INCLUDE_SOURCE;
				MTL_FAST_MATH = YES;
				ONLY_ACTIVE_ARCH = YES;
				SDKROOT = iphoneos;
				SWIFT_ACTIVE_COMPILATION_CONDITIONS = "DEBUG $(inherited)";
				SWIFT_OPTIMIZATION_LEVEL = "-Onone";
			};
			name = Debug;
		};
		B493A2C82AF903C9001F9FB5 /* Release */ = {
			isa = XCBuildConfiguration;
			buildSettings = {
				ALWAYS_SEARCH_USER_PATHS = NO;
				ASSETCATALOG_COMPILER_GENERATE_SWIFT_ASSET_SYMBOL_EXTENSIONS = YES;
				CLANG_ANALYZER_NONNULL = YES;
				CLANG_ANALYZER_NUMBER_OBJECT_CONVERSION = YES_AGGRESSIVE;
				CLANG_CXX_LANGUAGE_STANDARD = "gnu++20";
				CLANG_ENABLE_MODULES = YES;
				CLANG_ENABLE_OBJC_ARC = YES;
				CLANG_ENABLE_OBJC_WEAK = YES;
				CLANG_WARN_BLOCK_CAPTURE_AUTORELEASING = YES;
				CLANG_WARN_BOOL_CONVERSION = YES;
				CLANG_WARN_COMMA = YES;
				CLANG_WARN_CONSTANT_CONVERSION = YES;
				CLANG_WARN_DEPRECATED_OBJC_IMPLEMENTATIONS = YES;
				CLANG_WARN_DIRECT_OBJC_ISA_USAGE = YES_ERROR;
				CLANG_WARN_DOCUMENTATION_COMMENTS = YES;
				CLANG_WARN_EMPTY_BODY = YES;
				CLANG_WARN_ENUM_CONVERSION = YES;
				CLANG_WARN_INFINITE_RECURSION = YES;
				CLANG_WARN_INT_CONVERSION = YES;
				CLANG_WARN_NON_LITERAL_NULL_CONVERSION = YES;
				CLANG_WARN_OBJC_IMPLICIT_RETAIN_SELF = YES;
				CLANG_WARN_OBJC_LITERAL_CONVERSION = YES;
				CLANG_WARN_OBJC_ROOT_CLASS = YES_ERROR;
				CLANG_WARN_QUOTED_INCLUDE_IN_FRAMEWORK_HEADER = YES;
				CLANG_WARN_RANGE_LOOP_ANALYSIS = YES;
				CLANG_WARN_STRICT_PROTOTYPES = YES;
				CLANG_WARN_SUSPICIOUS_MOVE = YES;
				CLANG_WARN_UNGUARDED_AVAILABILITY = YES_AGGRESSIVE;
				CLANG_WARN_UNREACHABLE_CODE = YES;
				CLANG_WARN__DUPLICATE_METHOD_MATCH = YES;
				COPY_PHASE_STRIP = NO;
				DEBUG_INFORMATION_FORMAT = "dwarf-with-dsym";
				ENABLE_NS_ASSERTIONS = NO;
				ENABLE_STRICT_OBJC_MSGSEND = YES;
				ENABLE_USER_SCRIPT_SANDBOXING = YES;
				GCC_C_LANGUAGE_STANDARD = gnu17;
				GCC_NO_COMMON_BLOCKS = YES;
				GCC_WARN_64_TO_32_BIT_CONVERSION = YES;
				GCC_WARN_ABOUT_RETURN_TYPE = YES_ERROR;
				GCC_WARN_UNDECLARED_SELECTOR = YES;
				GCC_WARN_UNINITIALIZED_AUTOS = YES_AGGRESSIVE;
				GCC_WARN_UNUSED_FUNCTION = YES;
				GCC_WARN_UNUSED_VARIABLE = YES;
				IPHONEOS_DEPLOYMENT_TARGET = 14.0;
				LOCALIZATION_PREFERS_STRING_CATALOGS = YES;
				MTL_ENABLE_DEBUG_INFO = NO;
				MTL_FAST_MATH = YES;
				SDKROOT = iphoneos;
				SWIFT_COMPILATION_MODE = wholemodule;
				VALIDATE_PRODUCT = YES;
			};
			name = Release;
		};
		B493A2CA2AF903C9001F9FB5 /* Debug */ = {
			isa = XCBuildConfiguration;
			buildSettings = {
				ASSETCATALOG_COMPILER_APPICON_NAME = AppIcon;
				ASSETCATALOG_COMPILER_GLOBAL_ACCENT_COLOR_NAME = AccentColor;
				CODE_SIGN_STYLE = Automatic;
				CURRENT_PROJECT_VERSION = 1;
				DEVELOPMENT_TEAM = 97X42X8W8Y;
				GENERATE_INFOPLIST_FILE = YES;
				INFOPLIST_FILE = FakeStore/Info.plist;
				INFOPLIST_KEY_UIApplicationSupportsIndirectInputEvents = YES;
				INFOPLIST_KEY_UILaunchStoryboardName = LaunchScreen;
				INFOPLIST_KEY_UISupportedInterfaceOrientations_iPad = "UIInterfaceOrientationPortrait UIInterfaceOrientationPortraitUpsideDown UIInterfaceOrientationLandscapeLeft UIInterfaceOrientationLandscapeRight";
				INFOPLIST_KEY_UISupportedInterfaceOrientations_iPhone = "UIInterfaceOrientationPortrait UIInterfaceOrientationLandscapeLeft UIInterfaceOrientationLandscapeRight";
				IPHONEOS_DEPLOYMENT_TARGET = 14.0;
				LD_RUNPATH_SEARCH_PATHS = (
					"$(inherited)",
					"@executable_path/Frameworks",
				);
				MARKETING_VERSION = 1.0;
				PRODUCT_BUNDLE_IDENTIFIER = com.alkhazraji.FakeStore;
				PRODUCT_NAME = "$(TARGET_NAME)";
				SWIFT_EMIT_LOC_STRINGS = YES;
				SWIFT_VERSION = 5.0;
				TARGETED_DEVICE_FAMILY = "1,2";
			};
			name = Debug;
		};
		B493A2CB2AF903C9001F9FB5 /* Release */ = {
			isa = XCBuildConfiguration;
			buildSettings = {
				ASSETCATALOG_COMPILER_APPICON_NAME = AppIcon;
				ASSETCATALOG_COMPILER_GLOBAL_ACCENT_COLOR_NAME = AccentColor;
				CODE_SIGN_STYLE = Automatic;
				CURRENT_PROJECT_VERSION = 1;
				DEVELOPMENT_TEAM = 97X42X8W8Y;
				GENERATE_INFOPLIST_FILE = YES;
				INFOPLIST_FILE = FakeStore/Info.plist;
				INFOPLIST_KEY_UIApplicationSupportsIndirectInputEvents = YES;
				INFOPLIST_KEY_UILaunchStoryboardName = LaunchScreen;
				INFOPLIST_KEY_UISupportedInterfaceOrientations_iPad = "UIInterfaceOrientationPortrait UIInterfaceOrientationPortraitUpsideDown UIInterfaceOrientationLandscapeLeft UIInterfaceOrientationLandscapeRight";
				INFOPLIST_KEY_UISupportedInterfaceOrientations_iPhone = "UIInterfaceOrientationPortrait UIInterfaceOrientationLandscapeLeft UIInterfaceOrientationLandscapeRight";
				IPHONEOS_DEPLOYMENT_TARGET = 14.0;
				LD_RUNPATH_SEARCH_PATHS = (
					"$(inherited)",
					"@executable_path/Frameworks",
				);
				MARKETING_VERSION = 1.0;
				PRODUCT_BUNDLE_IDENTIFIER = com.alkhazraji.FakeStore;
				PRODUCT_NAME = "$(TARGET_NAME)";
				SWIFT_EMIT_LOC_STRINGS = YES;
				SWIFT_VERSION = 5.0;
				TARGETED_DEVICE_FAMILY = "1,2";
			};
			name = Release;
		};
/* End XCBuildConfiguration section */

/* Begin XCConfigurationList section */
		B493A2B02AF903C8001F9FB5 /* Build configuration list for PBXProject "FakeStore" */ = {
			isa = XCConfigurationList;
			buildConfigurations = (
				B493A2C72AF903C9001F9FB5 /* Debug */,
				B493A2C82AF903C9001F9FB5 /* Release */,
			);
			defaultConfigurationIsVisible = 0;
			defaultConfigurationName = Release;
		};
		B493A2C92AF903C9001F9FB5 /* Build configuration list for PBXNativeTarget "FakeStore" */ = {
			isa = XCConfigurationList;
			buildConfigurations = (
				B493A2CA2AF903C9001F9FB5 /* Debug */,
				B493A2CB2AF903C9001F9FB5 /* Release */,
			);
			defaultConfigurationIsVisible = 0;
			defaultConfigurationName = Release;
		};
/* End XCConfigurationList section */

/* Begin XCRemoteSwiftPackageReference section */
		B493A2DA2AF91266001F9FB5 /* XCRemoteSwiftPackageReference "SnapKit" */ = {
			isa = XCRemoteSwiftPackageReference;
			repositoryURL = "https://github.com/SnapKit/SnapKit";
			requirement = {
				kind = upToNextMajorVersion;
				minimumVersion = 5.6.0;
			};
		};
		B493A2DD2AF91276001F9FB5 /* XCRemoteSwiftPackageReference "Kingfisher" */ = {
			isa = XCRemoteSwiftPackageReference;
			repositoryURL = "https://github.com/onevcat/Kingfisher.git";
			requirement = {
				kind = upToNextMajorVersion;
				minimumVersion = 7.10.0;
			};
		};
		B493A2EE2AF92BFB001F9FB5 /* XCRemoteSwiftPackageReference "SwiftMessages" */ = {
			isa = XCRemoteSwiftPackageReference;
			repositoryURL = "https://github.com/SwiftKickMobile/SwiftMessages.git";
			requirement = {
				kind = upToNextMajorVersion;
				minimumVersion = 9.0.9;
			};
		};
/* End XCRemoteSwiftPackageReference section */

/* Begin XCSwiftPackageProductDependency section */
		B493A2DB2AF91266001F9FB5 /* SnapKit */ = {
			isa = XCSwiftPackageProductDependency;
			package = B493A2DA2AF91266001F9FB5 /* XCRemoteSwiftPackageReference "SnapKit" */;
			productName = SnapKit;
		};
		B493A2DE2AF91276001F9FB5 /* Kingfisher */ = {
			isa = XCSwiftPackageProductDependency;
			package = B493A2DD2AF91276001F9FB5 /* XCRemoteSwiftPackageReference "Kingfisher" */;
			productName = Kingfisher;
		};
		B493A2EF2AF92BFB001F9FB5 /* SwiftMessages */ = {
			isa = XCSwiftPackageProductDependency;
			package = B493A2EE2AF92BFB001F9FB5 /* XCRemoteSwiftPackageReference "SwiftMessages" */;
			productName = SwiftMessages;
		};
/* End XCSwiftPackageProductDependency section */
	};
	rootObject = B493A2AD2AF903C8001F9FB5 /* Project object */;
}
